
Microsoft Visual Studio Solution File, Format Version 12.00
# Visual Studio Version 17
VisualStudioVersion = 17.10.35027.167
MinimumVisualStudioVersion = 10.0.40219.1
Project("{FAE04EC0-301F-11D3-BF4B-00C04F79EFBC}") = "MyApplication", "MyApplication\MyApplication.csproj", "{141D7A16-7458-4A14-8E76-CEF92E996A26}"
EndProject
Global
	GlobalSection(SolutionConfigurationPlatforms) = preSolution
		Debug|Any CPU = Debug|Any CPU
		Release|Any CPU = Release|Any CPU
	EndGlobalSection
	GlobalSection(ProjectConfigurationPlatforms) = postSolution
		{141D7A16-7458-4A14-8E76-CEF92E996A26}.Debug|Any CPU.ActiveCfg = Debug|Any CPU
		{141D7A16-7458-4A14-8E76-CEF92E996A26}.Debug|Any CPU.Build.0 = Debug|Any CPU
		{141D7A16-7458-4A14-8E76-CEF92E996A26}.Release|Any CPU.ActiveCfg = Release|Any CPU
		{141D7A16-7458-4A14-8E76-CEF92E996A26}.Release|Any CPU.Build.0 = Release|Any CPU
	EndGlobalSection
	GlobalSection(SolutionProperties) = preSolution
		HideSolutionNode = FALSE
	EndGlobalSection
	GlobalSection(ExtensibilityGlobals) = postSolution
		SolutionGuid = {1B47CA6E-392F-4F00-B6A2-3ACE3CC18B46}
	EndGlobalSection
EndGlobal
